
Microsoft Visual Studio Solution File, Format Version 12.00
# Visual Studio Version 16
VisualStudioVersion = 16.0.31624.102
MinimumVisualStudioVersion = 10.0.40219.1
Project("{9A19103F-16F7-4668-BE54-9A1E7A4F7556}") = "ShipyardView", "ShipyardView\ShipyardView.csproj", "{218007E1-0BB8-4B9F-A314-1B1F13D8FBBD}"
	ProjectSection(ProjectDependencies) = postProject
		{D2C60297-59A6-45DA-8EEF-999431E63CB8} = {D2C60297-59A6-45DA-8EEF-999431E63CB8}
		{8356C4BB-850E-4B3C-940C-7C9B977BA654} = {8356C4BB-850E-4B3C-940C-7C9B977BA654}
	EndProjectSection
EndProject
Project("{9A19103F-16F7-4668-BE54-9A1E7A4F7556}") = "ShipyardContracts", "ShipyardContracts\ShipyardContracts.csproj", "{7C0219C7-6612-4BA3-AE09-F8D43BDCB566}"
EndProject
Project("{9A19103F-16F7-4668-BE54-9A1E7A4F7556}") = "ShipyardBusinessLogic", "ShipyardBusinessLogic\ShipyardBusinessLogic.csproj", "{D2C60297-59A6-45DA-8EEF-999431E63CB8}"
EndProject
Project("{9A19103F-16F7-4668-BE54-9A1E7A4F7556}") = "ShipyardListImplement", "ShipyardListImplement\ShipyardListImplement.csproj", "{8356C4BB-850E-4B3C-940C-7C9B977BA654}"
EndProject
Project("{9A19103F-16F7-4668-BE54-9A1E7A4F7556}") = "ShipyardFileImplement", "ShipyardFileImplement\ShipyardFileImplement.csproj", "{6FF3F08A-F719-4632-8631-045CF398E5CF}"
EndProject
Project("{9A19103F-16F7-4668-BE54-9A1E7A4F7556}") = "ShipyardDatabaseImplement", "ShipyardDatabaseImplement\ShipyardDatabaseImplement.csproj", "{4D235743-F353-4564-985C-3E44BAB689F0}"
EndProject
Project("{9A19103F-16F7-4668-BE54-9A1E7A4F7556}") = "ShipyardRestApi", "ShipyardRestApi\ShipyardRestApi.csproj", "{41091CC9-AE1D-48A9-A567-ABC95D92DEF6}"
EndProject
Project("{9A19103F-16F7-4668-BE54-9A1E7A4F7556}") = "ShipyardClientApp", "ShipyardClientApp\ShipyardClientApp.csproj", "{DCA89EFE-1E2B-4978-B168-A11EE04D6CE1}"
EndProject
Project("{FAE04EC0-301F-11D3-BF4B-00C04F79EFBC}") = "ShipyardWarehouseApp", "ShipyardWarehouseApp\ShipyardWarehouseApp.csproj", "{94D15EC4-B493-42C4-94C3-AD3E316632C6}"
EndProject
Global
	GlobalSection(SolutionConfigurationPlatforms) = preSolution
		Debug|Any CPU = Debug|Any CPU
		Release|Any CPU = Release|Any CPU
	EndGlobalSection
	GlobalSection(ProjectConfigurationPlatforms) = postSolution
		{218007E1-0BB8-4B9F-A314-1B1F13D8FBBD}.Debug|Any CPU.ActiveCfg = Debug|Any CPU
		{218007E1-0BB8-4B9F-A314-1B1F13D8FBBD}.Debug|Any CPU.Build.0 = Debug|Any CPU
		{218007E1-0BB8-4B9F-A314-1B1F13D8FBBD}.Release|Any CPU.ActiveCfg = Release|Any CPU
		{218007E1-0BB8-4B9F-A314-1B1F13D8FBBD}.Release|Any CPU.Build.0 = Release|Any CPU
		{7C0219C7-6612-4BA3-AE09-F8D43BDCB566}.Debug|Any CPU.ActiveCfg = Debug|Any CPU
		{7C0219C7-6612-4BA3-AE09-F8D43BDCB566}.Debug|Any CPU.Build.0 = Debug|Any CPU
		{7C0219C7-6612-4BA3-AE09-F8D43BDCB566}.Release|Any CPU.ActiveCfg = Release|Any CPU
		{7C0219C7-6612-4BA3-AE09-F8D43BDCB566}.Release|Any CPU.Build.0 = Release|Any CPU
		{D2C60297-59A6-45DA-8EEF-999431E63CB8}.Debug|Any CPU.ActiveCfg = Debug|Any CPU
		{D2C60297-59A6-45DA-8EEF-999431E63CB8}.Debug|Any CPU.Build.0 = Debug|Any CPU
		{D2C60297-59A6-45DA-8EEF-999431E63CB8}.Release|Any CPU.ActiveCfg = Release|Any CPU
		{D2C60297-59A6-45DA-8EEF-999431E63CB8}.Release|Any CPU.Build.0 = Release|Any CPU
		{8356C4BB-850E-4B3C-940C-7C9B977BA654}.Debug|Any CPU.ActiveCfg = Debug|Any CPU
		{8356C4BB-850E-4B3C-940C-7C9B977BA654}.Debug|Any CPU.Build.0 = Debug|Any CPU
		{8356C4BB-850E-4B3C-940C-7C9B977BA654}.Release|Any CPU.ActiveCfg = Release|Any CPU
		{8356C4BB-850E-4B3C-940C-7C9B977BA654}.Release|Any CPU.Build.0 = Release|Any CPU
		{6FF3F08A-F719-4632-8631-045CF398E5CF}.Debug|Any CPU.ActiveCfg = Debug|Any CPU
		{6FF3F08A-F719-4632-8631-045CF398E5CF}.Debug|Any CPU.Build.0 = Debug|Any CPU
		{6FF3F08A-F719-4632-8631-045CF398E5CF}.Release|Any CPU.ActiveCfg = Release|Any CPU
		{6FF3F08A-F719-4632-8631-045CF398E5CF}.Release|Any CPU.Build.0 = Release|Any CPU
		{4D235743-F353-4564-985C-3E44BAB689F0}.Debug|Any CPU.ActiveCfg = Debug|Any CPU
		{4D235743-F353-4564-985C-3E44BAB689F0}.Debug|Any CPU.Build.0 = Debug|Any CPU
		{4D235743-F353-4564-985C-3E44BAB689F0}.Release|Any CPU.ActiveCfg = Release|Any CPU
		{4D235743-F353-4564-985C-3E44BAB689F0}.Release|Any CPU.Build.0 = Release|Any CPU
		{41091CC9-AE1D-48A9-A567-ABC95D92DEF6}.Debug|Any CPU.ActiveCfg = Debug|Any CPU
		{41091CC9-AE1D-48A9-A567-ABC95D92DEF6}.Debug|Any CPU.Build.0 = Debug|Any CPU
		{41091CC9-AE1D-48A9-A567-ABC95D92DEF6}.Release|Any CPU.ActiveCfg = Release|Any CPU
		{41091CC9-AE1D-48A9-A567-ABC95D92DEF6}.Release|Any CPU.Build.0 = Release|Any CPU
		{DCA89EFE-1E2B-4978-B168-A11EE04D6CE1}.Debug|Any CPU.ActiveCfg = Debug|Any CPU
		{DCA89EFE-1E2B-4978-B168-A11EE04D6CE1}.Debug|Any CPU.Build.0 = Debug|Any CPU
		{DCA89EFE-1E2B-4978-B168-A11EE04D6CE1}.Release|Any CPU.ActiveCfg = Release|Any CPU
		{DCA89EFE-1E2B-4978-B168-A11EE04D6CE1}.Release|Any CPU.Build.0 = Release|Any CPU
		{94D15EC4-B493-42C4-94C3-AD3E316632C6}.Debug|Any CPU.ActiveCfg = Debug|Any CPU
		{94D15EC4-B493-42C4-94C3-AD3E316632C6}.Debug|Any CPU.Build.0 = Debug|Any CPU
		{94D15EC4-B493-42C4-94C3-AD3E316632C6}.Release|Any CPU.ActiveCfg = Release|Any CPU
		{94D15EC4-B493-42C4-94C3-AD3E316632C6}.Release|Any CPU.Build.0 = Release|Any CPU
	EndGlobalSection
	GlobalSection(SolutionProperties) = preSolution
		HideSolutionNode = FALSE
	EndGlobalSection
	GlobalSection(ExtensibilityGlobals) = postSolution
		SolutionGuid = {4308E60E-2437-4180-A8E4-67FC128149B4}
	EndGlobalSection
EndGlobal
